# This file was autogenerated by Stack.
# You should not edit this file by hand.
# For more information, please see the documentation at:
#   https://docs.haskellstack.org/en/stable/topics/lock_files

packages:
- completed:
    hackage: proto-lens-0.7.1.5@sha256:38f7f70fb01f6c79c35d76ef0f60bf1297b132d4a71973c6bafb48fcb1b3c0d4,2980
    pantry-tree:
      sha256: 3af265bf8058520232ea8d608cc7174b9b638a43c878ef4bdf52c7e3cd877b13
      size: 1857
  original:
    hackage: proto-lens-0.7.1.5
- completed:
    hackage: proto-lens-protoc-0.9.0.0@sha256:c1fb293edd6a1e0456034b6f61559b151431c76b1baf3a0b986f5eeb599406a7,2332
    pantry-tree:
      sha256: 5e3c2c71e3458895860b0c17516100d134d800fd7368ef13723446c269369868
      size: 1396
  original:
    hackage: proto-lens-protoc-0.9.0.0
- completed:
    hackage: proto-lens-runtime-0.7.0.7@sha256:9144556f1a58945e455dd67431bd16d0bd6b2960732dd9b60aa44dd472123a50,3057
    pantry-tree:
      sha256: e17d6d14046e2b076e14835d5eaec84c7848352e54e67fe65d25a73f8d45fcda
      size: 168
  original:
    hackage: proto-lens-runtime-0.7.0.7
- completed:
    hackage: proto-lens-setup-0.4.0.9@sha256:146e95990edd807c5b2d195a6047fe0a78d2d8d6b5afebcc28ee4b8d24ef4ea5,3129
    pantry-tree:
      sha256: 9ed112eb4e89108ca7f12e77ffb3d70f2d472ddee30fcb2d92b7da42f814960b
      size: 235
  original:
    hackage: proto-lens-setup-0.4.0.9
snapshots:
- completed:
    sha256: 6f7930c21d9dd62e60acfce49814bdf393545c0598ca32a452a7e72794505f79
    size: 679675
    url: https://raw.githubusercontent.com/commercialhaskell/stackage-snapshots/master/nightly/2025/4/11.yaml
  original: nightly-2025-04-11
