# This file was autogenerated by Stack.
# You should not edit this file by hand.
# For more information, please see the documentation at:
#   https://docs.haskellstack.org/en/stable/topics/lock_files

packages: []
snapshots:
- completed:
    sha256: f66944df4d2dff3eb65f709befc6a7fb1d7803f2f1a65238b5a653a5f78c5e13
    size: 758865
    url: https://raw.githubusercontent.com/commercialhaskell/stackage-snapshots/master/nightly/2026/7/19.yaml
  original: nightly-2026-07-19
